lockfileVersion: '6.0'

settings:
  autoInstallPeers: true
  excludeLinksFromLockfile: false

dependencies:
  deepmerge-ts:
    specifier: 5.1.0
    version: 5.1.0

devDependencies:
  typescript-esbuild:
    specifier: 0.2.14
    version: link:../../../NikolaRHristov/NPM/TypeScriptESBuild

packages:

  /deepmerge-ts@5.1.0:
    resolution: {integrity: sha512-eS8dRJOckyo9maw9Tu5O5RUi/4inFLrnoLkBe3cPfDMx3WZioXtmOew4TXQaxq7Rhl4xjDtR7c6x8nNTxOvbFw==}
    engines: {node: '>=16.0.0'}
    dev: false
